
Microsoft Visual Studio Solution File, Format Version 12.00
# Visual Studio Version 17
VisualStudioVersion = 17.9.34723.18
MinimumVisualStudioVersion = 10.0.40219.1
Project("{FAE04EC0-301F-11D3-BF4B-00C04F79EFBC}") = "SpecFlowProject1", "SpecFlowProject1\SpecFlowProject1.csproj", "{F8182351-F15D-4348-9CF2-F29BCF42306B}"
EndProject
Global
	GlobalSection(SolutionConfigurationPlatforms) = preSolution
		Debug|Any CPU = Debug|Any CPU
		Release|Any CPU = Release|Any CPU
	EndGlobalSection
	GlobalSection(ProjectConfigurationPlatforms) = postSolution
		{F8182351-F15D-4348-9CF2-F29BCF42306B}.Debug|Any CPU.ActiveCfg = Debug|Any CPU
		{F8182351-F15D-4348-9CF2-F29BCF42306B}.Debug|Any CPU.Build.0 = Debug|Any CPU
		{F8182351-F15D-4348-9CF2-F29BCF42306B}.Release|Any CPU.ActiveCfg = Release|Any CPU
		{F8182351-F15D-4348-9CF2-F29BCF42306B}.Release|Any CPU.Build.0 = Release|Any CPU
	EndGlobalSection
	GlobalSection(SolutionProperties) = preSolution
		HideSolutionNode = FALSE
	EndGlobalSection
	GlobalSection(ExtensibilityGlobals) = postSolution
		SolutionGuid = {2EAD9D5C-2BF1-4562-BADA-5D8D77CB8E6A}
	EndGlobalSection
EndGlobal
